// !$*UTF8*$!
{
	archiveVersion = 1;
	classes = {
	};
	objectVersion = 56;
	objects = {

/* Begin PBXBuildFile section */
		811EB3BD28E878D1009F1D5F /* AppDelegate.swift in Sources */ = {isa = PBXBuildFile; fileRef = 811EB3BC28E878D1009F1D5F /* AppDelegate.swift */; };
		811EB3BF28E878D1009F1D5F /* SceneDelegate.swift in Sources */ = {isa = PBXBuildFile; fileRef = 811EB3BE28E878D1009F1D5F /* SceneDelegate.swift */; };
		811EB3C128E878D1009F1D5F /* MainViewController.swift in Sources */ = {isa = PBXBuildFile; fileRef = 811EB3C028E878D1009F1D5F /* MainViewController.swift */; };
		811EB3C428E878D1009F1D5F /* Main.storyboard in Resources */ = {isa = PBXBuildFile; fileRef = 811EB3C228E878D1009F1D5F /* Main.storyboard */; };
		811EB3C628E878D3009F1D5F /* Assets.xcassets in Resources */ = {isa = PBXBuildFile; fileRef = 811EB3C528E878D3009F1D5F /* Assets.xcassets */; };
		811EB3C928E878D3009F1D5F /* LaunchScreen.storyboard in Resources */ = {isa = PBXBuildFile; fileRef = 811EB3C728E878D3009F1D5F /* LaunchScreen.storyboard */; };
		814625C128ECC4C9001248B0 /* TabBarViewController.swift in Sources */ = {isa = PBXBuildFile; fileRef = 814625C028ECC4C9001248B0 /* TabBarViewController.swift */; };
		814625C828ECC8B1001248B0 /* Person.swift in Sources */ = {isa = PBXBuildFile; fileRef = 814625C728ECC8B1001248B0 /* Person.swift */; };
		814625CA28ECCE09001248B0 /* UserViewController.swift in Sources */ = {isa = PBXBuildFile; fileRef = 814625C928ECCE09001248B0 /* UserViewController.swift */; };
		814625CC28ECCE19001248B0 /* BioViewController.swift in Sources */ = {isa = PBXBuildFile; fileRef = 814625CB28ECCE19001248B0 /* BioViewController.swift */; };
		81C10E8F28E8A1CC0035083F /* WelcomeViewController.swift in Sources */ = {isa = PBXBuildFile; fileRef = 81C10E8E28E8A1CC0035083F /* WelcomeViewController.swift */; };
/* End PBXBuildFile section */

/* Begin PBXFileReference section */
		811EB3B928E878D1009F1D5F /* LogInApp.app */ = {isa = PBXFileReference; explicitFileType = wrapper.application; includeInIndex = 0; path = LogInApp.app; sourceTree = BUILT_PRODUCTS_DIR; };
		811EB3BC28E878D1009F1D5F /* AppDelegate.swift */ = {isa = PBXFileReference; lastKnownFileType = sourcecode.swift; path = AppDelegate.swift; sourceTree = "<group>"; };
		811EB3BE28E878D1009F1D5F /* SceneDelegate.swift */ = {isa = PBXFileReference; lastKnownFileType = sourcecode.swift; path = SceneDelegate.swift; sourceTree = "<group>"; };
		811EB3C028E878D1009F1D5F /* MainViewController.swift */ = {isa = PBXFileReference; lastKnownFileType = sourcecode.swift; path = MainViewController.swift; sourceTree = "<group>"; };
		811EB3C328E878D1009F1D5F /* Base */ = {isa = PBXFileReference; lastKnownFileType = file.storyboard; name = Base; path = Base.lproj/Main.storyboard; sourceTree = "<group>"; };
		811EB3C528E878D3009F1D5F /* Assets.xcassets */ = {isa = PBXFileReference; lastKnownFileType = folder.assetcatalog; path = Assets.xcassets; sourceTree = "<group>"; };
		811EB3C828E878D3009F1D5F /* Base */ = {isa = PBXFileReference; lastKnownFileType = file.storyboard; name = Base; path = Base.lproj/LaunchScreen.storyboard; sourceTree = "<group>"; };
		811EB3CA28E878D3009F1D5F /* Info.plist */ = {isa = PBXFileReference; lastKnownFileType = text.plist.xml; path = Info.plist; sourceTree = "<group>"; };
		814625C028ECC4C9001248B0 /* TabBarViewController.swift */ = {isa = PBXFileReference; lastKnownFileType = sourcecode.swift; path = TabBarViewController.swift; sourceTree = "<group>"; };
		814625C728ECC8B1001248B0 /* Person.swift */ = {isa = PBXFileReference; lastKnownFileType = sourcecode.swift; path = Person.swift; sourceTree = "<group>"; };
		814625C928ECCE09001248B0 /* UserViewController.swift */ = {isa = PBXFileReference; lastKnownFileType = sourcecode.swift; path = UserViewController.swift; sourceTree = "<group>"; };
		814625CB28ECCE19001248B0 /* BioViewController.swift */ = {isa = PBXFileReference; lastKnownFileType = sourcecode.swift; path = BioViewController.swift; sourceTree = "<group>"; };
		81C10E8E28E8A1CC0035083F /* WelcomeViewController.swift */ = {isa = PBXFileReference; lastKnownFileType = sourcecode.swift; path = WelcomeViewController.swift; sourceTree = "<group>"; };
/* End PBXFileReference section */

/* Begin PBXFrameworksBuildPhase section */
		811EB3B628E878D1009F1D5F /* Frameworks */ = {
			isa = PBXFrameworksBuildPhase;
			buildActionMask = 2147483647;
			files = (
			);
			runOnlyForDeploymentPostprocessing = 0;
		};
/* End PBXFrameworksBuildPhase section */

/* Begin PBXGroup section */
		811EB3B028E878D1009F1D5F = {
			isa = PBXGroup;
			children = (
				811EB3BB28E878D1009F1D5F /* LogInApp */,
				811EB3BA28E878D1009F1D5F /* Products */,
			);
			sourceTree = "<group>";
		};
		811EB3BA28E878D1009F1D5F /* Products */ = {
			isa = PBXGroup;
			children = (
				811EB3B928E878D1009F1D5F /* LogInApp.app */,
			);
			name = Products;
			sourceTree = "<group>";
		};
		811EB3BB28E878D1009F1D5F /* LogInApp */ = {
			isa = PBXGroup;
			children = (
				814625C328ECC81C001248B0 /* ViewControllers */,
				814625C628ECC860001248B0 /* Models */,
				814625C228ECC7D8001248B0 /* App */,
				814625C428ECC82F001248B0 /* Storyboards */,
				811EB3C528E878D3009F1D5F /* Assets.xcassets */,
			);
			path = LogInApp;
			sourceTree = "<group>";
		};
		814625C228ECC7D8001248B0 /* App */ = {
			isa = PBXGroup;
			children = (
				811EB3BC28E878D1009F1D5F /* AppDelegate.swift */,
				811EB3BE28E878D1009F1D5F /* SceneDelegate.swift */,
				811EB3CA28E878D3009F1D5F /* Info.plist */,
			);
			path = App;
			sourceTree = "<group>";
		};
		814625C328ECC81C001248B0 /* ViewControllers */ = {
			isa = PBXGroup;
			children = (
				811EB3C028E878D1009F1D5F /* MainViewController.swift */,
				814625C028ECC4C9001248B0 /* TabBarViewController.swift */,
				81C10E8E28E8A1CC0035083F /* WelcomeViewController.swift */,
				814625C928ECCE09001248B0 /* UserViewController.swift */,
				814625CB28ECCE19001248B0 /* BioViewController.swift */,
			);
			path = ViewControllers;
			sourceTree = "<group>";
		};
		814625C428ECC82F001248B0 /* Storyboards */ = {
			isa = PBXGroup;
			children = (
				811EB3C228E878D1009F1D5F /* Main.storyboard */,
				811EB3C728E878D3009F1D5F /* LaunchScreen.storyboard */,
			);
			path = Storyboards;
			sourceTree = "<group>";
		};
		814625C628ECC860001248B0 /* Models */ = {
			isa = PBXGroup;
			children = (
				814625C728ECC8B1001248B0 /* Person.swift */,
			);
			path = Models;
			sourceTree = "<group>";
		};
/* End PBXGroup section */

/* Begin PBXNativeTarget section */
		811EB3B828E878D1009F1D5F /* LogInApp */ = {
			isa = PBXNativeTarget;
			buildConfigurationList = 811EB3CD28E878D3009F1D5F /* Build configuration list for PBXNativeTarget "LogInApp" */;
			buildPhases = (
				811EB3B528E878D1009F1D5F /* Sources */,
				811EB3B628E878D1009F1D5F /* Frameworks */,
				811EB3B728E878D1009F1D5F /* Resources */,
			);
			buildRules = (
			);
			dependencies = (
			);
			name = LogInApp;
			productName = LogInApp;
			productReference = 811EB3B928E878D1009F1D5F /* LogInApp.app */;
			productType = "com.apple.product-type.application";
		};
/* End PBXNativeTarget section */

/* Begin PBXProject section */
		811EB3B128E878D1009F1D5F /* Project object */ = {
			isa = PBXProject;
			attributes = {
				BuildIndependentTargetsInParallel = 1;
				LastSwiftUpdateCheck = 1400;
				LastUpgradeCheck = 1400;
				TargetAttributes = {
					811EB3B828E878D1009F1D5F = {
						CreatedOnToolsVersion = 14.0;
					};
				};
			};
			buildConfigurationList = 811EB3B428E878D1009F1D5F /* Build configuration list for PBXProject "LogInApp" */;
			compatibilityVersion = "Xcode 14.0";
			developmentRegion = en;
			hasScannedForEncodings = 0;
			knownRegions = (
				en,
				Base,
			);
			mainGroup = 811EB3B028E878D1009F1D5F;
			productRefGroup = 811EB3BA28E878D1009F1D5F /* Products */;
			projectDirPath = "";
			projectRoot = "";
			targets = (
				811EB3B828E878D1009F1D5F /* LogInApp */,
			);
		};
/* End PBXProject section */

/* Begin PBXResourcesBuildPhase section */
		811EB3B728E878D1009F1D5F /* Resources */ = {
			isa = PBXResourcesBuildPhase;
			buildActionMask = 2147483647;
			files = (
				811EB3C928E878D3009F1D5F /* LaunchScreen.storyboard in Resources */,
				811EB3C628E878D3009F1D5F /* Assets.xcassets in Resources */,
				811EB3C428E878D1009F1D5F /* Main.storyboard in Resources */,
			);
			runOnlyForDeploymentPostprocessing = 0;
		};
/* End PBXResourcesBuildPhase section */

/* Begin PBXSourcesBuildPhase section */
		811EB3B528E878D1009F1D5F /* Sources */ = {
			isa = PBXSourcesBuildPhase;
			buildActionMask = 2147483647;
			files = (
				814625C828ECC8B1001248B0 /* Person.swift in Sources */,
				81C10E8F28E8A1CC0035083F /* WelcomeViewController.swift in Sources */,
				811EB3C128E878D1009F1D5F /* MainViewController.swift in Sources */,
				814625CC28ECCE19001248B0 /* BioViewController.swift in Sources */,
				811EB3BD28E878D1009F1D5F /* AppDelegate.swift in Sources */,
				814625C128ECC4C9001248B0 /* TabBarViewController.swift in Sources */,
				811EB3BF28E878D1009F1D5F /* SceneDelegate.swift in Sources */,
				814625CA28ECCE09001248B0 /* UserViewController.swift in Sources */,
			);
			runOnlyForDeploymentPostprocessing = 0;
		};
/* End PBXSourcesBuildPhase section */

/* Begin PBXVariantGroup section */
		811EB3C228E878D1009F1D5F /* Main.storyboard */ = {
			isa = PBXVariantGroup;
			children = (
				811EB3C328E878D1009F1D5F /* Base */,
			);
			name = Main.storyboard;
			sourceTree = "<group>";
		};
		811EB3C728E878D3009F1D5F /* LaunchScreen.storyboard */ = {
			isa = PBXVariantGroup;
			children = (
				811EB3C828E878D3009F1D5F /* Base */,
			);
			name = LaunchScreen.storyboard;
			sourceTree = "<group>";
		};
/* End PBXVariantGroup section */

/* Begin XCBuildConfiguration section */
		811EB3CB28E878D3009F1D5F /* Debug */ = {
			isa = XCBuildConfiguration;
			buildSettings = {
				ALWAYS_SEARCH_USER_PATHS = NO;
				CLANG_ANALYZER_NONNULL = YES;
				CLANG_ANALYZER_NUMBER_OBJECT_CONVERSION = YES_AGGRESSIVE;
				CLANG_CXX_LANGUAGE_STANDARD = "gnu++20";
				CLANG_ENABLE_MODULES = YES;
				CLANG_ENABLE_OBJC_ARC = YES;
				CLANG_ENABLE_OBJC_WEAK = YES;
				CLANG_WARN_BLOCK_CAPTURE_AUTORELEASING = YES;
				CLANG_WARN_BOOL_CONVERSION = YES;
				CLANG_WARN_COMMA = YES;
				CLANG_WARN_CONSTANT_CONVERSION = YES;
				CLANG_WARN_DEPRECATED_OBJC_IMPLEMENTATIONS = YES;
				CLANG_WARN_DIRECT_OBJC_ISA_USAGE = YES_ERROR;
				CLANG_WARN_DOCUMENTATION_COMMENTS = YES;
				CLANG_WARN_EMPTY_BODY = YES;
				CLANG_WARN_ENUM_CONVERSION = YES;
				CLANG_WARN_INFINITE_RECURSION = YES;
				CLANG_WARN_INT_CONVERSION = YES;
				CLANG_WARN_NON_LITERAL_NULL_CONVERSION = YES;
				CLANG_WARN_OBJC_IMPLICIT_RETAIN_SELF = YES;
				CLANG_WARN_OBJC_LITERAL_CONVERSION = YES;
				CLANG_WARN_OBJC_ROOT_CLASS = YES_ERROR;
				CLANG_WARN_QUOTED_INCLUDE_IN_FRAMEWORK_HEADER = YES;
				CLANG_WARN_RANGE_LOOP_ANALYSIS = YES;
				CLANG_WARN_STRICT_PROTOTYPES = YES;
				CLANG_WARN_SUSPICIOUS_MOVE = YES;
				CLANG_WARN_UNGUARDED_AVAILABILITY = YES_AGGRESSIVE;
				CLANG_WARN_UNREACHABLE_CODE = YES;
				CLANG_WARN__DUPLICATE_METHOD_MATCH = YES;
				COPY_PHASE_STRIP = NO;
				DEBUG_INFORMATION_FORMAT = dwarf;
				ENABLE_STRICT_OBJC_MSGSEND = YES;
				ENABLE_TESTABILITY = YES;
				GCC_C_LANGUAGE_STANDARD = gnu11;
				GCC_DYNAMIC_NO_PIC = NO;
				GCC_NO_COMMON_BLOCKS = YES;
				GCC_OPTIMIZATION_LEVEL = 0;
				GCC_PREPROCESSOR_DEFINITIONS = (
					"DEBUG=1",
					"$(inherited)",
				);
				GCC_WARN_64_TO_32_BIT_CONVERSION = YES;
				GCC_WARN_ABOUT_RETURN_TYPE = YES_ERROR;
				GCC_WARN_UNDECLARED_SELECTOR = YES;
				GCC_WARN_UNINITIALIZED_AUTOS = YES_AGGRESSIVE;
				GCC_WARN_UNUSED_FUNCTION = YES;
				GCC_WARN_UNUSED_VARIABLE = YES;
				IPHONEOS_DEPLOYMENT_TARGET = 16.0;
				MTL_ENABLE_DEBUG_INFO = INCLUDE_SOURCE;
				MTL_FAST_MATH = YES;
				ONLY_ACTIVE_ARCH = YES;
				SDKROOT = iphoneos;
				SWIFT_ACTIVE_COMPILATION_CONDITIONS = DEBUG;
				SWIFT_OPTIMIZATION_LEVEL = "-Onone";
			};
			name = Debug;
		};
		811EB3CC28E878D3009F1D5F /* Release */ = {
			isa = XCBuildConfiguration;
			buildSettings = {
				ALWAYS_SEARCH_USER_PATHS = NO;
				CLANG_ANALYZER_NONNULL = YES;
				CLANG_ANALYZER_NUMBER_OBJECT_CONVERSION = YES_AGGRESSIVE;
				CLANG_CXX_LANGUAGE_STANDARD = "gnu++20";
				CLANG_ENABLE_MODULES = YES;
				CLANG_ENABLE_OBJC_ARC = YES;
				CLANG_ENABLE_OBJC_WEAK = YES;
				CLANG_WARN_BLOCK_CAPTURE_AUTORELEASING = YES;
				CLANG_WARN_BOOL_CONVERSION = YES;
				CLANG_WARN_COMMA = YES;
				CLANG_WARN_CONSTANT_CONVERSION = YES;
				CLANG_WARN_DEPRECATED_OBJC_IMPLEMENTATIONS = YES;
				CLANG_WARN_DIRECT_OBJC_ISA_USAGE = YES_ERROR;
				CLANG_WARN_DOCUMENTATION_COMMENTS = YES;
				CLANG_WARN_EMPTY_BODY = YES;
				CLANG_WARN_ENUM_CONVERSION = YES;
				CLANG_WARN_INFINITE_RECURSION = YES;
				CLANG_WARN_INT_CONVERSION = YES;
				CLANG_WARN_NON_LITERAL_NULL_CONVERSION = YES;
				CLANG_WARN_OBJC_IMPLICIT_RETAIN_SELF = YES;
				CLANG_WARN_OBJC_LITERAL_CONVERSION = YES;
				CLANG_WARN_OBJC_ROOT_CLASS = YES_ERROR;
				CLANG_WARN_QUOTED_INCLUDE_IN_FRAMEWORK_HEADER = YES;
				CLANG_WARN_RANGE_LOOP_ANALYSIS = YES;
				CLANG_WARN_STRICT_PROTOTYPES = YES;
				CLANG_WARN_SUSPICIOUS_MOVE = YES;
				CLANG_WARN_UNGUARDED_AVAILABILITY = YES_AGGRESSIVE;
				CLANG_WARN_UNREACHABLE_CODE = YES;
				CLANG_WARN__DUPLICATE_METHOD_MATCH = YES;
				COPY_PHASE_STRIP = NO;
				DEBUG_INFORMATION_FORMAT = "dwarf-with-dsym";
				ENABLE_NS_ASSERTIONS = NO;
				ENABLE_STRICT_OBJC_MSGSEND = YES;
				GCC_C_LANGUAGE_STANDARD = gnu11;
				GCC_NO_COMMON_BLOCKS = YES;
				GCC_WARN_64_TO_32_BIT_CONVERSION = YES;
				GCC_WARN_ABOUT_RETURN_TYPE = YES_ERROR;
				GCC_WARN_UNDECLARED_SELECTOR = YES;
				GCC_WARN_UNINITIALIZED_AUTOS = YES_AGGRESSIVE;
				GCC_WARN_UNUSED_FUNCTION = YES;
				GCC_WARN_UNUSED_VARIABLE = YES;
				IPHONEOS_DEPLOYMENT_TARGET = 16.0;
				MTL_ENABLE_DEBUG_INFO = NO;
				MTL_FAST_MATH = YES;
				SDKROOT = iphoneos;
				SWIFT_COMPILATION_MODE = wholemodule;
				SWIFT_OPTIMIZATION_LEVEL = "-O";
				VALIDATE_PRODUCT = YES;
			};
			name = Release;
		};
		811EB3CE28E878D3009F1D5F /* Debug */ = {
			isa = XCBuildConfiguration;
			buildSettings = {
				ASSETCATALOG_COMPILER_APPICON_NAME = AppIcon;
				ASSETCATALOG_COMPILER_GLOBAL_ACCENT_COLOR_NAME = AccentColor;
				CODE_SIGN_STYLE = Automatic;
				CURRENT_PROJECT_VERSION = 1;
				DEVELOPMENT_TEAM = 4HLNAPRS4C;
				GENERATE_INFOPLIST_FILE = YES;
				INFOPLIST_FILE = LogInApp/App/Info.plist;
				INFOPLIST_KEY_UIApplicationSupportsIndirectInputEvents = YES;
				INFOPLIST_KEY_UILaunchStoryboardName = LaunchScreen;
				INFOPLIST_KEY_UIMainStoryboardFile = Main;
				INFOPLIST_KEY_UISupportedInterfaceOrientations = UIInterfaceOrientationPortrait;
				INFOPLIST_KEY_UISupportedInterfaceOrientations_iPad = "UIInterfaceOrientationLandscapeLeft UIInterfaceOrientationLandscapeRight UIInterfaceOrientationPortrait UIInterfaceOrientationPortraitUpsideDown";
				LD_RUNPATH_SEARCH_PATHS = (
					"$(inherited)",
					"@executable_path/Frameworks",
				);
				MARKETING_VERSION = 1.0;
				PRODUCT_BUNDLE_IDENTIFIER = myteam.LogInApp;
				PRODUCT_NAME = "$(TARGET_NAME)";
				SUPPORTED_PLATFORMS = "iphoneos iphonesimulator";
				SUPPORTS_MACCATALYST = NO;
				SUPPORTS_MAC_DESIGNED_FOR_IPHONE_IPAD = NO;
				SWIFT_EMIT_LOC_STRINGS = YES;
				SWIFT_VERSION = 5.0;
				TARGETED_DEVICE_FAMILY = 1;
			};
			name = Debug;
		};
		811EB3CF28E878D3009F1D5F /* Release */ = {
			isa = XCBuildConfiguration;
			buildSettings = {
				ASSETCATALOG_COMPILER_APPICON_NAME = AppIcon;
				ASSETCATALOG_COMPILER_GLOBAL_ACCENT_COLOR_NAME = AccentColor;
				CODE_SIGN_STYLE = Automatic;
				CURRENT_PROJECT_VERSION = 1;
				DEVELOPMENT_TEAM = 4HLNAPRS4C;
				GENERATE_INFOPLIST_FILE = YES;
				INFOPLIST_FILE = LogInApp/App/Info.plist;
				INFOPLIST_KEY_UIApplicationSupportsIndirectInputEvents = YES;
				INFOPLIST_KEY_UILaunchStoryboardName = LaunchScreen;
				INFOPLIST_KEY_UIMainStoryboardFile = Main;
				INFOPLIST_KEY_UISupportedInterfaceOrientations = UIInterfaceOrientationPortrait;
				INFOPLIST_KEY_UISupportedInterfaceOrientations_iPad = "UIInterfaceOrientationLandscapeLeft UIInterfaceOrientationLandscapeRight UIInterfaceOrientationPortrait UIInterfaceOrientationPortraitUpsideDown";
				LD_RUNPATH_SEARCH_PATHS = (
					"$(inherited)",
					"@executable_path/Frameworks",
				);
				MARKETING_VERSION = 1.0;
				PRODUCT_BUNDLE_IDENTIFIER = myteam.LogInApp;
				PRODUCT_NAME = "$(TARGET_NAME)";
				SUPPORTED_PLATFORMS = "iphoneos iphonesimulator";
				SUPPORTS_MACCATALYST = NO;
				SUPPORTS_MAC_DESIGNED_FOR_IPHONE_IPAD = NO;
				SWIFT_EMIT_LOC_STRINGS = YES;
				SWIFT_VERSION = 5.0;
				TARGETED_DEVICE_FAMILY = 1;
			};
			name = Release;
		};
/* End XCBuildConfiguration section */

/* Begin XCConfigurationList section */
		811EB3B428E878D1009F1D5F /* Build configuration list for PBXProject "LogInApp" */ = {
			isa = XCConfigurationList;
			buildConfigurations = (
				811EB3CB28E878D3009F1D5F /* Debug */,
				811EB3CC28E878D3009F1D5F /* Release */,
			);
			defaultConfigurationIsVisible = 0;
			defaultConfigurationName = Release;
		};
		811EB3CD28E878D3009F1D5F /* Build configuration list for PBXNativeTarget "LogInApp" */ = {
			isa = XCConfigurationList;
			buildConfigurations = (
				811EB3CE28E878D3009F1D5F /* Debug */,
				811EB3CF28E878D3009F1D5F /* Release */,
			);
			defaultConfigurationIsVisible = 0;
			defaultConfigurationName = Release;
		};
/* End XCConfigurationList section */
	};
	rootObject = 811EB3B128E878D1009F1D5F /* Project object */;
}
